
Microsoft Visual Studio Solution File, Format Version 12.00
# Visual Studio Version 16
VisualStudioVersion = 16.0.29306.81
MinimumVisualStudioVersion = 10.0.40219.1
Project("{9A19103F-16F7-4668-BE54-9A1E7A4F7556}") = "SpaceTravel", "SpaceTravel.csproj", "{0B905B8F-C1A9-4D75-9C5F-7EBCD404665F}"
EndProject
Global
	GlobalSection(SolutionConfigurationPlatforms) = preSolution
		Debug|Any CPU = Debug|Any CPU
		Release|Any CPU = Release|Any CPU
	EndGlobalSection
	GlobalSection(ProjectConfigurationPlatforms) = postSolution
		{0B905B8F-C1A9-4D75-9C5F-7EBCD404665F}.Debug|Any CPU.ActiveCfg = Debug|Any CPU
		{0B905B8F-C1A9-4D75-9C5F-7EBCD404665F}.Debug|Any CPU.Build.0 = Debug|Any CPU
		{0B905B8F-C1A9-4D75-9C5F-7EBCD404665F}.Release|Any CPU.ActiveCfg = Release|Any CPU
		{0B905B8F-C1A9-4D75-9C5F-7EBCD404665F}.Release|Any CPU.Build.0 = Release|Any CPU
	EndGlobalSection
	GlobalSection(SolutionProperties) = preSolution
		HideSolutionNode = FALSE
	EndGlobalSection
	GlobalSection(ExtensibilityGlobals) = postSolution
		SolutionGuid = {7831A5A1-B782-42EC-ABE7-E67EB9B9401F}
	EndGlobalSection
EndGlobal
